
Microsoft Visual Studio Solution File, Format Version 12.00
# Visual Studio Version 17
VisualStudioVersion = 17.8.34330.188
MinimumVisualStudioVersion = 10.0.40219.1
Project("{FAE04EC0-301F-11D3-BF4B-00C04F79EFBC}") = "AlgorithmPrac", "AlgorithmPrac\AlgorithmPrac.csproj", "{B5C58E36-19C5-4712-B6CF-471D37063C54}"
EndProject
Global
	GlobalSection(SolutionConfigurationPlatforms) = preSolution
		Debug|Any CPU = Debug|Any CPU
		Release|Any CPU = Release|Any CPU
	EndGlobalSection
	GlobalSection(ProjectConfigurationPlatforms) = postSolution
		{B5C58E36-19C5-4712-B6CF-471D37063C54}.Debug|Any CPU.ActiveCfg = Debug|Any CPU
		{B5C58E36-19C5-4712-B6CF-471D37063C54}.Debug|Any CPU.Build.0 = Debug|Any CPU
		{B5C58E36-19C5-4712-B6CF-471D37063C54}.Release|Any CPU.ActiveCfg = Release|Any CPU
		{B5C58E36-19C5-4712-B6CF-471D37063C54}.Release|Any CPU.Build.0 = Release|Any CPU
	EndGlobalSection
	GlobalSection(SolutionProperties) = preSolution
		HideSolutionNode = FALSE
	EndGlobalSection
	GlobalSection(ExtensibilityGlobals) = postSolution
		SolutionGuid = {8322F22D-9D1B-44CC-B553-2590E8FC3A09}
	EndGlobalSection
EndGlobal
